
Microsoft Visual Studio Solution File, Format Version 12.00
# Visual Studio Version 16
VisualStudioVersion = 16.0.29020.237
MinimumVisualStudioVersion = 10.0.40219.1
Project("{FAE04EC0-301F-11D3-BF4B-00C04F79EFBC}") = "SaSin", "SaSin\SaSin.csproj", "{9C1B879A-8D11-4944-BFE6-6369E6916E2E}"
EndProject
Global
	GlobalSection(SolutionConfigurationPlatforms) = preSolution
		Debug|Any CPU = Debug|Any CPU
		Release|Any CPU = Release|Any CPU
	EndGlobalSection
	GlobalSection(ProjectConfigurationPlatforms) = postSolution
		{9C1B879A-8D11-4944-BFE6-6369E6916E2E}.Debug|Any CPU.ActiveCfg = Debug|Any CPU
		{9C1B879A-8D11-4944-BFE6-6369E6916E2E}.Debug|Any CPU.Build.0 = Debug|Any CPU
		{9C1B879A-8D11-4944-BFE6-6369E6916E2E}.Release|Any CPU.ActiveCfg = Release|Any CPU
		{9C1B879A-8D11-4944-BFE6-6369E6916E2E}.Release|Any CPU.Build.0 = Release|Any CPU
	EndGlobalSection
	GlobalSection(SolutionProperties) = preSolution
		HideSolutionNode = FALSE
	EndGlobalSection
	GlobalSection(ExtensibilityGlobals) = postSolution
		SolutionGuid = {73219E0D-EC63-49B5-A9BE-F6BD5CC0E3DF}
	EndGlobalSection
EndGlobal
